
Microsoft Visual Studio Solution File, Format Version 12.00
# Visual Studio 2012
Project("{FAE04EC0-301F-11D3-BF4B-00C04F79EFBC}") = "ComputerService", "ComputerService\ComputerService.csproj", "{F57B078B-4854-4DCE-ACC7-3BE1B5B320E7}"
EndProject
Project("{FAE04EC0-301F-11D3-BF4B-00C04F79EFBC}") = "Zarplata", "Zarplata\Zarplata.csproj", "{14944D69-9651-4E20-81E1-3388A64FF109}"
EndProject
Project("{FAE04EC0-301F-11D3-BF4B-00C04F79EFBC}") = "PriceGoods", "PriceGoods\PriceGoods.csproj", "{6D8345CF-D958-4EFC-A56B-B256FF234CF3}"
EndProject
Global
	GlobalSection(SolutionConfigurationPlatforms) = preSolution
		Debug|Any CPU = Debug|Any CPU
		Release|Any CPU = Release|Any CPU
	EndGlobalSection
	GlobalSection(ProjectConfigurationPlatforms) = postSolution
		{F57B078B-4854-4DCE-ACC7-3BE1B5B320E7}.Debug|Any CPU.ActiveCfg = Debug|Any CPU
		{F57B078B-4854-4DCE-ACC7-3BE1B5B320E7}.Debug|Any CPU.Build.0 = Debug|Any CPU
		{F57B078B-4854-4DCE-ACC7-3BE1B5B320E7}.Release|Any CPU.ActiveCfg = Release|Any CPU
		{F57B078B-4854-4DCE-ACC7-3BE1B5B320E7}.Release|Any CPU.Build.0 = Release|Any CPU
		{14944D69-9651-4E20-81E1-3388A64FF109}.Debug|Any CPU.ActiveCfg = Debug|Any CPU
		{14944D69-9651-4E20-81E1-3388A64FF109}.Debug|Any CPU.Build.0 = Debug|Any CPU
		{14944D69-9651-4E20-81E1-3388A64FF109}.Release|Any CPU.ActiveCfg = Release|Any CPU
		{14944D69-9651-4E20-81E1-3388A64FF109}.Release|Any CPU.Build.0 = Release|Any CPU
		{6D8345CF-D958-4EFC-A56B-B256FF234CF3}.Debug|Any CPU.ActiveCfg = Debug|Any CPU
		{6D8345CF-D958-4EFC-A56B-B256FF234CF3}.Debug|Any CPU.Build.0 = Debug|Any CPU
		{6D8345CF-D958-4EFC-A56B-B256FF234CF3}.Release|Any CPU.ActiveCfg = Release|Any CPU
		{6D8345CF-D958-4EFC-A56B-B256FF234CF3}.Release|Any CPU.Build.0 = Release|Any CPU
	EndGlobalSection
	GlobalSection(SolutionProperties) = preSolution
		HideSolutionNode = FALSE
	EndGlobalSection
EndGlobal
